
Microsoft Visual Studio Solution File, Format Version 12.00
# Visual Studio Version 17
VisualStudioVersion = 17.0.32112.339
MinimumVisualStudioVersion = 10.0.40219.1
Project("{FAE04EC0-301F-11D3-BF4B-00C04F79EFBC}") = "e_Agenda", "e_Agenda\e_Agenda.csproj", "{949C8FEA-F6F8-4063-B13D-5C7C9BD93FE8}"
EndProject
Global
	GlobalSection(SolutionConfigurationPlatforms) = preSolution
		Debug|Any CPU = Debug|Any CPU
		Release|Any CPU = Release|Any CPU
	EndGlobalSection
	GlobalSection(ProjectConfigurationPlatforms) = postSolution
		{949C8FEA-F6F8-4063-B13D-5C7C9BD93FE8}.Debug|Any CPU.ActiveCfg = Debug|Any CPU
		{949C8FEA-F6F8-4063-B13D-5C7C9BD93FE8}.Debug|Any CPU.Build.0 = Debug|Any CPU
		{949C8FEA-F6F8-4063-B13D-5C7C9BD93FE8}.Release|Any CPU.ActiveCfg = Release|Any CPU
		{949C8FEA-F6F8-4063-B13D-5C7C9BD93FE8}.Release|Any CPU.Build.0 = Release|Any CPU
	EndGlobalSection
	GlobalSection(SolutionProperties) = preSolution
		HideSolutionNode = FALSE
	EndGlobalSection
	GlobalSection(ExtensibilityGlobals) = postSolution
		SolutionGuid = {7565F2E8-134E-4388-B203-0F95F46035B1}
	EndGlobalSection
EndGlobal
